
Microsoft Visual Studio Solution File, Format Version 12.00
# Visual Studio 15
VisualStudioVersion = 15.0.28010.2003
MinimumVisualStudioVersion = 10.0.40219.1
Project("{FAE04EC0-301F-11D3-BF4B-00C04F79EFBC}") = "Assignment1", "Assignment1\Assignment1.csproj", "{132D1821-A1F4-438B-86D0-C023FCAD884E}"
EndProject
Project("{FAE04EC0-301F-11D3-BF4B-00C04F79EFBC}") = "Assignment1Tests", "Assignment1Tests\Assignment1Tests.csproj", "{5469897A-4B76-4E6D-81DC-CF91CA66561B}"
EndProject
Global
	GlobalSection(SolutionConfigurationPlatforms) = preSolution
		Debug|Any CPU = Debug|Any CPU
		Release|Any CPU = Release|Any CPU
	EndGlobalSection
	GlobalSection(ProjectConfigurationPlatforms) = postSolution
		{132D1821-A1F4-438B-86D0-C023FCAD884E}.Debug|Any CPU.ActiveCfg = Debug|Any CPU
		{132D1821-A1F4-438B-86D0-C023FCAD884E}.Debug|Any CPU.Build.0 = Debug|Any CPU
		{132D1821-A1F4-438B-86D0-C023FCAD884E}.Release|Any CPU.ActiveCfg = Release|Any CPU
		{132D1821-A1F4-438B-86D0-C023FCAD884E}.Release|Any CPU.Build.0 = Release|Any CPU
		{5469897A-4B76-4E6D-81DC-CF91CA66561B}.Debug|Any CPU.ActiveCfg = Debug|Any CPU
		{5469897A-4B76-4E6D-81DC-CF91CA66561B}.Debug|Any CPU.Build.0 = Debug|Any CPU
		{5469897A-4B76-4E6D-81DC-CF91CA66561B}.Release|Any CPU.ActiveCfg = Release|Any CPU
		{5469897A-4B76-4E6D-81DC-CF91CA66561B}.Release|Any CPU.Build.0 = Release|Any CPU
	EndGlobalSection
	GlobalSection(SolutionProperties) = preSolution
		HideSolutionNode = FALSE
	EndGlobalSection
	GlobalSection(ExtensibilityGlobals) = postSolution
		SolutionGuid = {EBEDAEB6-F1EE-47FE-8BF8-79B1EF521CA0}
	EndGlobalSection
EndGlobal
